{
  "version": 4,
  "terraform_version": "1.2.1",
  "serial": 295,
  "lineage": "99fc5670-989a-1c7c-0f4e-abd821609110",
  "outputs": {},
  "resources": [
    {
      "mode": "managed",
      "type": "azurerm_lb",
      "name": "lb-1",
      "provider": "provider[\"registry.terraform.io/hashicorp/azurerm\"]",
      "instances": [
        {
          "schema_version": 0,
          "attributes": {
            "frontend_ip_configuration": [
              {
                "availability_zone": "No-Zone",
                "gateway_load_balancer_frontend_ip_configuration_id": "",
                "id": "/subscriptions/ede38e9b-ef4a-4e50-bc59-c751bdf58965/resourceGroups/azure-resource_group/providers/Microsoft.Network/loadBalancers/lb-1/frontendIPConfigurations/PublicIPAddress",
                "inbound_nat_rules": [],
                "load_balancer_rules": [
                  "/subscriptions/ede38e9b-ef4a-4e50-bc59-c751bdf58965/resourceGroups/azure-resource_group/providers/Microsoft.Network/loadBalancers/lb-1/loadBalancingRules/http"
                ],
                "name": "PublicIPAddress",
                "outbound_rules": [],
                "private_ip_address": "",
                "private_ip_address_allocation": "Dynamic",
                "private_ip_address_version": "",
                "public_ip_address_id": "/subscriptions/ede38e9b-ef4a-4e50-bc59-c751bdf58965/resourceGroups/azure-resource_group/providers/Microsoft.Network/publicIPAddresses/test",
                "public_ip_prefix_id": "",
                "subnet_id": "",
                "zones": []
              }
            ],
            "id": "/subscriptions/ede38e9b-ef4a-4e50-bc59-c751bdf58965/resourceGroups/azure-resource_group/providers/Microsoft.Network/loadBalancers/lb-1",
            "location": "westeurope",
            "name": "lb-1",
            "private_ip_address": "",
            "private_ip_addresses": [],
            "resource_group_name": "azure-resource_group",
            "sku": "Basic",
            "sku_tier": "Regional",
            "tags": {},
            "timeouts": null
          },
          "sensitive_attributes": [],
          "private": "eyJlMmJmYjczMC1lY2FhLTExZTYtOGY4OC0zNDM2M2JjN2M0YzAiOnsiY3JlYXRlIjoxODAwMDAwMDAwMDAwLCJkZWxldGUiOjE4MDAwMDAwMDAwMDAsInJlYWQiOjMwMDAwMDAwMDAwMCwidXBkYXRlIjoxODAwMDAwMDAwMDAwfX0=",
          "dependencies": [
            "azurerm_public_ip.vip",
            "azurerm_resource_group.res-1"
          ]
        }
      ]
    },
    {
      "mode": "managed",
      "type": "azurerm_lb_backend_address_pool",
      "name": "bpepool",
      "provider": "provider[\"registry.terraform.io/hashicorp/azurerm\"]",
      "instances": [
        {
          "schema_version": 0,
          "attributes": {
            "backend_address": [],
            "backend_ip_configurations": [
              "/subscriptions/ede38e9b-ef4a-4e50-bc59-c751bdf58965/resourceGroups/azure-resource_group/providers/Microsoft.Compute/virtualMachineScaleSets/example-vmss/virtualMachines/1/networkInterfaces/vmss-net/ipConfigurations/internal"
            ],
            "id": "/subscriptions/ede38e9b-ef4a-4e50-bc59-c751bdf58965/resourceGroups/azure-resource_group/providers/Microsoft.Network/loadBalancers/lb-1/backendAddressPools/BackEndAddressPool",
            "load_balancing_rules": [
              "/subscriptions/ede38e9b-ef4a-4e50-bc59-c751bdf58965/resourceGroups/azure-resource_group/providers/Microsoft.Network/loadBalancers/lb-1/loadBalancingRules/http"
            ],
            "loadbalancer_id": "/subscriptions/ede38e9b-ef4a-4e50-bc59-c751bdf58965/resourceGroups/azure-resource_group/providers/Microsoft.Network/loadBalancers/lb-1",
            "name": "BackEndAddressPool",
            "outbound_rules": [],
            "resource_group_name": "azure-resource_group",
            "timeouts": null,
            "tunnel_interface": []
          },
          "sensitive_attributes": [],
          "private": "eyJlMmJmYjczMC1lY2FhLTExZTYtOGY4OC0zNDM2M2JjN2M0YzAiOnsiY3JlYXRlIjoxODAwMDAwMDAwMDAwLCJkZWxldGUiOjE4MDAwMDAwMDAwMDAsInJlYWQiOjMwMDAwMDAwMDAwMCwidXBkYXRlIjoxODAwMDAwMDAwMDAwfX0=",
          "dependencies": [
            "azurerm_lb.lb-1",
            "azurerm_public_ip.vip",
            "azurerm_resource_group.res-1"
          ]
        }
      ]
    },
    {
      "mode": "managed",
      "type": "azurerm_lb_probe",
      "name": "hth-1",
      "provider": "provider[\"registry.terraform.io/hashicorp/azurerm\"]",
      "instances": [
        {
          "schema_version": 0,
          "attributes": {
            "id": "/subscriptions/ede38e9b-ef4a-4e50-bc59-c751bdf58965/resourceGroups/azure-resource_group/providers/Microsoft.Network/loadBalancers/lb-1/probes/hth-1",
            "interval_in_seconds": 15,
            "load_balancer_rules": [
              "/subscriptions/ede38e9b-ef4a-4e50-bc59-c751bdf58965/resourceGroups/azure-resource_group/providers/Microsoft.Network/loadBalancers/lb-1/loadBalancingRules/http"
            ],
            "loadbalancer_id": "/subscriptions/ede38e9b-ef4a-4e50-bc59-c751bdf58965/resourceGroups/azure-resource_group/providers/Microsoft.Network/loadBalancers/lb-1",
            "name": "hth-1",
            "number_of_probes": 2,
            "port": 80,
            "protocol": "Tcp",
            "request_path": "",
            "resource_group_name": "azure-resource_group",
            "timeouts": null
          },
          "sensitive_attributes": [],
          "private": "eyJlMmJmYjczMC1lY2FhLTExZTYtOGY4OC0zNDM2M2JjN2M0YzAiOnsiY3JlYXRlIjoxODAwMDAwMDAwMDAwLCJkZWxldGUiOjE4MDAwMDAwMDAwMDAsInJlYWQiOjMwMDAwMDAwMDAwMCwidXBkYXRlIjoxODAwMDAwMDAwMDAwfX0=",
          "dependencies": [
            "azurerm_lb.lb-1",
            "azurerm_public_ip.vip",
            "azurerm_resource_group.res-1"
          ]
        }
      ]
    },
    {
      "mode": "managed",
      "type": "azurerm_lb_rule",
      "name": "lbnatrule",
      "provider": "provider[\"registry.terraform.io/hashicorp/azurerm\"]",
      "instances": [
        {
          "schema_version": 0,
          "attributes": {
            "backend_address_pool_id": "/subscriptions/ede38e9b-ef4a-4e50-bc59-c751bdf58965/resourceGroups/azure-resource_group/providers/Microsoft.Network/loadBalancers/lb-1/backendAddressPools/BackEndAddressPool",
            "backend_address_pool_ids": [
              "/subscriptions/ede38e9b-ef4a-4e50-bc59-c751bdf58965/resourceGroups/azure-resource_group/providers/Microsoft.Network/loadBalancers/lb-1/backendAddressPools/BackEndAddressPool"
            ],
            "backend_port": 80,
            "disable_outbound_snat": false,
            "enable_floating_ip": false,
            "enable_tcp_reset": false,
            "frontend_ip_configuration_id": "/subscriptions/ede38e9b-ef4a-4e50-bc59-c751bdf58965/resourceGroups/azure-resource_group/providers/Microsoft.Network/loadBalancers/lb-1/frontendIPConfigurations/PublicIPAddress",
            "frontend_ip_configuration_name": "PublicIPAddress",
            "frontend_port": 80,
            "id": "/subscriptions/ede38e9b-ef4a-4e50-bc59-c751bdf58965/resourceGroups/azure-resource_group/providers/Microsoft.Network/loadBalancers/lb-1/loadBalancingRules/http",
            "idle_timeout_in_minutes": 4,
            "load_distribution": "Default",
            "loadbalancer_id": "/subscriptions/ede38e9b-ef4a-4e50-bc59-c751bdf58965/resourceGroups/azure-resource_group/providers/Microsoft.Network/loadBalancers/lb-1",
            "name": "http",
            "probe_id": "/subscriptions/ede38e9b-ef4a-4e50-bc59-c751bdf58965/resourceGroups/azure-resource_group/providers/Microsoft.Network/loadBalancers/lb-1/probes/hth-1",
            "protocol": "Tcp",
            "resource_group_name": "azure-resource_group",
            "timeouts": null
          },
          "sensitive_attributes": [],
          "private": "eyJlMmJmYjczMC1lY2FhLTExZTYtOGY4OC0zNDM2M2JjN2M0YzAiOnsiY3JlYXRlIjoxODAwMDAwMDAwMDAwLCJkZWxldGUiOjE4MDAwMDAwMDAwMDAsInJlYWQiOjMwMDAwMDAwMDAwMCwidXBkYXRlIjoxODAwMDAwMDAwMDAwfX0=",
          "dependencies": [
            "azurerm_lb.lb-1",
            "azurerm_lb_backend_address_pool.bpepool",
            "azurerm_lb_probe.hth-1",
            "azurerm_public_ip.vip",
            "azurerm_resource_group.res-1"
          ]
        }
      ]
    },
    {
      "mode": "managed",
      "type": "azurerm_monitor_autoscale_setting",
      "name": "auto",
      "provider": "provider[\"registry.terraform.io/hashicorp/azurerm\"]",
      "instances": [
        {
          "schema_version": 1,
          "attributes": {
            "enabled": true,
            "id": "/subscriptions/ede38e9b-ef4a-4e50-bc59-c751bdf58965/resourceGroups/azure-resource_group/providers/Microsoft.Insights/autoscaleSettings/myAutoscaleSetting",
            "location": "westeurope",
            "name": "myAutoscaleSetting",
            "notification": [
              {
                "email": [
                  {
                    "custom_emails": [
                      "admin@contoso.com"
                    ],
                    "send_to_subscription_administrator": true,
                    "send_to_subscription_co_administrator": true
                  }
                ],
                "webhook": []
              }
            ],
            "profile": [
              {
                "capacity": [
                  {
                    "default": 1,
                    "maximum": 10,
                    "minimum": 1
                  }
                ],
                "fixed_date": [],
                "name": "Weekends",
                "recurrence": [
                  {
                    "days": [
                      "Saturday",
                      "Sunday"
                    ],
                    "hours": [
                      12
                    ],
                    "minutes": [
                      0
                    ],
                    "timezone": "Pacific Standard Time"
                  }
                ],
                "rule": [
                  {
                    "metric_trigger": [
                      {
                        "dimensions": [],
                        "divide_by_instance_count": false,
                        "metric_name": "Percentage CPU",
                        "metric_namespace": "",
                        "metric_resource_id": "/subscriptions/ede38e9b-ef4a-4e50-bc59-c751bdf58965/resourceGroups/azure-resource_group/providers/Microsoft.Compute/virtualMachineScaleSets/example-vmss",
                        "operator": "GreaterThan",
                        "statistic": "Average",
                        "threshold": 90,
                        "time_aggregation": "Average",
                        "time_grain": "PT1M",
                        "time_window": "PT5M"
                      }
                    ],
                    "scale_action": [
                      {
                        "cooldown": "PT1M",
                        "direction": "Increase",
                        "type": "ChangeCount",
                        "value": 2
                      }
                    ]
                  },
                  {
                    "metric_trigger": [
                      {
                        "dimensions": [],
                        "divide_by_instance_count": false,
                        "metric_name": "Percentage CPU",
                        "metric_namespace": "",
                        "metric_resource_id": "/subscriptions/ede38e9b-ef4a-4e50-bc59-c751bdf58965/resourceGroups/azure-resource_group/providers/Microsoft.Compute/virtualMachineScaleSets/example-vmss",
                        "operator": "LessThan",
                        "statistic": "Average",
                        "threshold": 10,
                        "time_aggregation": "Average",
                        "time_grain": "PT1M",
                        "time_window": "PT5M"
                      }
                    ],
                    "scale_action": [
                      {
                        "cooldown": "PT1M",
                        "direction": "Decrease",
                        "type": "ChangeCount",
                        "value": 2
                      }
                    ]
                  }
                ]
              }
            ],
            "resource_group_name": "azure-resource_group",
            "tags": {},
            "target_resource_id": "/subscriptions/ede38e9b-ef4a-4e50-bc59-c751bdf58965/resourceGroups/azure-resource_group/providers/Microsoft.Compute/virtualMachineScaleSets/example-vmss",
            "timeouts": null
          },
          "sensitive_attributes": [],
          "private": "eyJlMmJmYjczMC1lY2FhLTExZTYtOGY4OC0zNDM2M2JjN2M0YzAiOnsiY3JlYXRlIjoxODAwMDAwMDAwMDAwLCJkZWxldGUiOjE4MDAwMDAwMDAwMDAsInJlYWQiOjMwMDAwMDAwMDAwMCwidXBkYXRlIjoxODAwMDAwMDAwMDAwfSwic2NoZW1hX3ZlcnNpb24iOiIxIn0=",
          "dependencies": [
            "azurerm_lb.lb-1",
            "azurerm_lb_backend_address_pool.bpepool",
            "azurerm_public_ip.vip",
            "azurerm_resource_group.res-1",
            "azurerm_subnet.subnet-1",
            "azurerm_virtual_machine_scale_set.vmss-1",
            "azurerm_virtual_network.vnet-1"
          ]
        }
      ]
    },
    {
      "mode": "managed",
      "type": "azurerm_network_security_group",
      "name": "nsg-1",
      "provider": "provider[\"registry.terraform.io/hashicorp/azurerm\"]",
      "instances": [
        {
          "schema_version": 0,
          "attributes": {
            "id": "/subscriptions/ede38e9b-ef4a-4e50-bc59-c751bdf58965/resourceGroups/azure-resource_group/providers/Microsoft.Network/networkSecurityGroups/azure-nsg",
            "location": "westeurope",
            "name": "azure-nsg",
            "resource_group_name": "azure-resource_group",
            "security_rule": [
              {
                "access": "Allow",
                "description": "",
                "destination_address_prefix": "*",
                "destination_address_prefixes": [],
                "destination_application_security_group_ids": [],
                "destination_port_range": "22",
                "destination_port_ranges": [],
                "direction": "Inbound",
                "name": "SSH",
                "priority": 320,
                "protocol": "TCP",
                "source_address_prefix": "*",
                "source_address_prefixes": [],
                "source_application_security_group_ids": [],
                "source_port_range": "*",
                "source_port_ranges": []
              },
              {
                "access": "Allow",
                "description": "",
                "destination_address_prefix": "*",
                "destination_address_prefixes": [],
                "destination_application_security_group_ids": [],
                "destination_port_range": "443",
                "destination_port_ranges": [],
                "direction": "Inbound",
                "name": "HTTPS",
                "priority": 360,
                "protocol": "TCP",
                "source_address_prefix": "*",
                "source_address_prefixes": [],
                "source_application_security_group_ids": [],
                "source_port_range": "*",
                "source_port_ranges": []
              },
              {
                "access": "Allow",
                "description": "",
                "destination_address_prefix": "*",
                "destination_address_prefixes": [],
                "destination_application_security_group_ids": [],
                "destination_port_range": "80",
                "destination_port_ranges": [],
                "direction": "Inbound",
                "name": "HTTP",
                "priority": 340,
                "protocol": "TCP",
                "source_address_prefix": "*",
                "source_address_prefixes": [],
                "source_application_security_group_ids": [],
                "source_port_range": "*",
                "source_port_ranges": []
              }
            ],
            "tags": {},
            "timeouts": null
          },
          "sensitive_attributes": [],
          "private": "eyJlMmJmYjczMC1lY2FhLTExZTYtOGY4OC0zNDM2M2JjN2M0YzAiOnsiY3JlYXRlIjoxODAwMDAwMDAwMDAwLCJkZWxldGUiOjE4MDAwMDAwMDAwMDAsInJlYWQiOjMwMDAwMDAwMDAwMCwidXBkYXRlIjoxODAwMDAwMDAwMDAwfX0=",
          "dependencies": [
            "azurerm_resource_group.res-1"
          ]
        }
      ]
    },
    {
      "mode": "managed",
      "type": "azurerm_public_ip",
      "name": "vip",
      "provider": "provider[\"registry.terraform.io/hashicorp/azurerm\"]",
      "instances": [
        {
          "schema_version": 0,
          "attributes": {
            "allocation_method": "Static",
            "availability_zone": "No-Zone",
            "domain_name_label": null,
            "fqdn": null,
            "id": "/subscriptions/ede38e9b-ef4a-4e50-bc59-c751bdf58965/resourceGroups/azure-resource_group/providers/Microsoft.Network/publicIPAddresses/test",
            "idle_timeout_in_minutes": 4,
            "ip_address": "51.137.206.16",
            "ip_tags": {},
            "ip_version": "IPv4",
            "location": "westeurope",
            "name": "test",
            "public_ip_prefix_id": null,
            "resource_group_name": "azure-resource_group",
            "reverse_fqdn": null,
            "sku": "Basic",
            "sku_tier": "Regional",
            "tags": {
              "environment": "staging"
            },
            "timeouts": null,
            "zones": []
          },
          "sensitive_attributes": [],
          "private": "eyJlMmJmYjczMC1lY2FhLTExZTYtOGY4OC0zNDM2M2JjN2M0YzAiOnsiY3JlYXRlIjoxODAwMDAwMDAwMDAwLCJkZWxldGUiOjE4MDAwMDAwMDAwMDAsInJlYWQiOjMwMDAwMDAwMDAwMCwidXBkYXRlIjoxODAwMDAwMDAwMDAwfX0=",
          "dependencies": [
            "azurerm_resource_group.res-1"
          ]
        }
      ]
    },
    {
      "mode": "managed",
      "type": "azurerm_resource_group",
      "name": "res-1",
      "provider": "provider[\"registry.terraform.io/hashicorp/azurerm\"]",
      "instances": [
        {
          "schema_version": 0,
          "attributes": {
            "id": "/subscriptions/ede38e9b-ef4a-4e50-bc59-c751bdf58965/resourceGroups/azure-resource_group",
            "location": "westeurope",
            "name": "azure-resource_group",
            "tags": {},
            "timeouts": null
          },
          "sensitive_attributes": [],
          "private": "eyJlMmJmYjczMC1lY2FhLTExZTYtOGY4OC0zNDM2M2JjN2M0YzAiOnsiY3JlYXRlIjo1NDAwMDAwMDAwMDAwLCJkZWxldGUiOjU0MDAwMDAwMDAwMDAsInJlYWQiOjMwMDAwMDAwMDAwMCwidXBkYXRlIjo1NDAwMDAwMDAwMDAwfX0="
        }
      ]
    },
    {
      "mode": "managed",
      "type": "azurerm_subnet",
      "name": "subnet-1",
      "provider": "provider[\"registry.terraform.io/hashicorp/azurerm\"]",
      "instances": [
        {
          "schema_version": 0,
          "attributes": {
            "address_prefix": "10.0.0.0/24",
            "address_prefixes": [
              "10.0.0.0/24"
            ],
            "delegation": [],
            "enforce_private_link_endpoint_network_policies": false,
            "enforce_private_link_service_network_policies": false,
            "id": "/subscriptions/ede38e9b-ef4a-4e50-bc59-c751bdf58965/resourceGroups/azure-resource_group/providers/Microsoft.Network/virtualNetworks/azure-vnet/subnets/azure-sub",
            "name": "azure-sub",
            "resource_group_name": "azure-resource_group",
            "service_endpoint_policy_ids": [],
            "service_endpoints": [],
            "timeouts": null,
            "virtual_network_name": "azure-vnet"
          },
          "sensitive_attributes": [],
          "private": "eyJlMmJmYjczMC1lY2FhLTExZTYtOGY4OC0zNDM2M2JjN2M0YzAiOnsiY3JlYXRlIjoxODAwMDAwMDAwMDAwLCJkZWxldGUiOjE4MDAwMDAwMDAwMDAsInJlYWQiOjMwMDAwMDAwMDAwMCwidXBkYXRlIjoxODAwMDAwMDAwMDAwfX0=",
          "dependencies": [
            "azurerm_resource_group.res-1",
            "azurerm_virtual_network.vnet-1"
          ]
        }
      ]
    },
    {
      "mode": "managed",
      "type": "azurerm_subnet_network_security_group_association",
      "name": "sub-sec",
      "provider": "provider[\"registry.terraform.io/hashicorp/azurerm\"]",
      "instances": [
        {
          "schema_version": 0,
          "attributes": {
            "id": "/subscriptions/ede38e9b-ef4a-4e50-bc59-c751bdf58965/resourceGroups/azure-resource_group/providers/Microsoft.Network/virtualNetworks/azure-vnet/subnets/azure-sub",
            "network_security_group_id": "/subscriptions/ede38e9b-ef4a-4e50-bc59-c751bdf58965/resourceGroups/azure-resource_group/providers/Microsoft.Network/networkSecurityGroups/azure-nsg",
            "subnet_id": "/subscriptions/ede38e9b-ef4a-4e50-bc59-c751bdf58965/resourceGroups/azure-resource_group/providers/Microsoft.Network/virtualNetworks/azure-vnet/subnets/azure-sub",
            "timeouts": null
          },
          "sensitive_attributes": [],
          "private": "eyJlMmJmYjczMC1lY2FhLTExZTYtOGY4OC0zNDM2M2JjN2M0YzAiOnsiY3JlYXRlIjoxODAwMDAwMDAwMDAwLCJkZWxldGUiOjE4MDAwMDAwMDAwMDAsInJlYWQiOjMwMDAwMDAwMDAwMCwidXBkYXRlIjoxODAwMDAwMDAwMDAwfX0=",
          "dependencies": [
            "azurerm_network_security_group.nsg-1",
            "azurerm_resource_group.res-1",
            "azurerm_subnet.subnet-1",
            "azurerm_virtual_network.vnet-1"
          ]
        }
      ]
    },
    {
      "mode": "managed",
      "type": "azurerm_virtual_machine_scale_set",
      "name": "vmss-1",
      "provider": "provider[\"registry.terraform.io/hashicorp/azurerm\"]",
      "instances": [
        {
          "schema_version": 1,
          "attributes": {
            "automatic_os_upgrade": false,
            "boot_diagnostics": [],
            "eviction_policy": "",
            "extension": [],
            "health_probe_id": null,
            "id": "/subscriptions/ede38e9b-ef4a-4e50-bc59-c751bdf58965/resourceGroups/azure-resource_group/providers/Microsoft.Compute/virtualMachineScaleSets/example-vmss",
            "identity": [],
            "license_type": "",
            "location": "westeurope",
            "name": "example-vmss",
            "network_profile": [
              {
                "accelerated_networking": false,
                "dns_settings": [
                  {
                    "dns_servers": []
                  }
                ],
                "ip_configuration": [
                  {
                    "application_gateway_backend_address_pool_ids": [],
                    "application_security_group_ids": [],
                    "load_balancer_backend_address_pool_ids": [
                      "/subscriptions/ede38e9b-ef4a-4e50-bc59-c751bdf58965/resourceGroups/azure-resource_group/providers/Microsoft.Network/loadBalancers/lb-1/backendAddressPools/BackEndAddressPool"
                    ],
                    "load_balancer_inbound_nat_rules_ids": [],
                    "name": "internal",
                    "primary": true,
                    "public_ip_address_configuration": [
                      {
                        "domain_name_label": "deploy-vmsc-ubuntu",
                        "idle_timeout": 4,
                        "name": "pip"
                      }
                    ],
                    "subnet_id": "/subscriptions/ede38e9b-ef4a-4e50-bc59-c751bdf58965/resourceGroups/azure-resource_group/providers/Microsoft.Network/virtualNetworks/azure-vnet/subnets/azure-sub"
                  }
                ],
                "ip_forwarding": false,
                "name": "vmss-net",
                "network_security_group_id": "",
                "primary": true
              }
            ],
            "os_profile": [
              {
                "admin_password": "",
                "admin_username": "adminuser",
                "computer_name_prefix": "testvm",
                "custom_data": ""
              }
            ],
            "os_profile_linux_config": [
              {
                "disable_password_authentication": true,
                "ssh_keys": [
                  {
                    "key_data": "ssh-rsa AAAAB3NzaC1yc2EAAAADAQABAAABgQCzSZS7pv7dY1DCR94mgL/pByrqJ/a4JbnzaMPqqSWYViTUGmS8/Jv5m9FtJwLr9zjG5Uq6tGkGWj1adrFUagsMXHwUdvJVyMFs7QNOSUxdnZmM34LCne0VimHjmARNUXPinuRWreL3iFB2PMd97liw3/Sa7HN+j3N/B2LbGLwnkWToyTCpea8bZH5B6aZOcuGmFpPy6y+Dbwpu9FU77/gKlTxcVeh9xLZX2vRAdshAvHEF+wbeTFViX7gMf/gyZCxShFiLVj0xzm8HewILg9uxuToOfArCueEueydnH1Qbctvr7kZ7PTiBB+H0JV5L3JYs0ULLPXiPSjLMGXoI0vuD4l7Xe36GgUn/5MUq8clsa1MaWG8t6s46WL767I+Q//uN77RJ1KQTEMQ/8OiJZvjSyfxMr9asxrvTChivvybjilmRnoSrqc3le8P2e2oRBpAdrcFS9YPuTt60Mo6/RYU06UHXVmvVNNXQDO2RVdWg/xJeSwMHJ7YeigMo2jtBQLc= yura@DESKTOP-H3443RM\n",
                    "path": "/home/adminuser/.ssh/authorized_keys"
                  }
                ]
              }
            ],
            "os_profile_secrets": [],
            "os_profile_windows_config": [],
            "overprovision": true,
            "plan": [],
            "priority": "",
            "proximity_placement_group_id": null,
            "resource_group_name": "azure-resource_group",
            "rolling_upgrade_policy": [],
            "single_placement_group": true,
            "sku": [
              {
                "capacity": 1,
                "name": "Standard_DS1_v2",
                "tier": "Standard"
              }
            ],
            "storage_profile_data_disk": [
              {
                "caching": "ReadWrite",
                "create_option": "Empty",
                "disk_size_gb": 30,
                "lun": 0,
                "managed_disk_type": "Standard_LRS"
              }
            ],
            "storage_profile_image_reference": [
              {
                "id": "",
                "offer": "0001-com-ubuntu-server-focal",
                "publisher": "Canonical",
                "sku": "20_04-lts-gen2",
                "version": "latest"
              }
            ],
            "storage_profile_os_disk": [
              {
                "caching": "ReadWrite",
                "create_option": "FromImage",
                "image": "",
                "managed_disk_type": "Standard_LRS",
                "name": "",
                "os_type": "Linux",
                "vhd_containers": []
              }
            ],
            "tags": {},
            "timeouts": null,
            "upgrade_policy_mode": "Manual",
            "zones": []
          },
          "sensitive_attributes": [],
          "private": "eyJlMmJmYjczMC1lY2FhLTExZTYtOGY4OC0zNDM2M2JjN2M0YzAiOnsiY3JlYXRlIjozNjAwMDAwMDAwMDAwLCJkZWxldGUiOjM2MDAwMDAwMDAwMDAsInJlYWQiOjMwMDAwMDAwMDAwMCwidXBkYXRlIjozNjAwMDAwMDAwMDAwfSwic2NoZW1hX3ZlcnNpb24iOiIxIn0=",
          "dependencies": [
            "azurerm_lb.lb-1",
            "azurerm_lb_backend_address_pool.bpepool",
            "azurerm_public_ip.vip",
            "azurerm_resource_group.res-1",
            "azurerm_subnet.subnet-1",
            "azurerm_virtual_network.vnet-1"
          ]
        }
      ]
    },
    {
      "mode": "managed",
      "type": "azurerm_virtual_network",
      "name": "vnet-1",
      "provider": "provider[\"registry.terraform.io/hashicorp/azurerm\"]",
      "instances": [
        {
          "schema_version": 0,
          "attributes": {
            "address_space": [
              "10.0.0.0/16"
            ],
            "bgp_community": "",
            "ddos_protection_plan": [],
            "dns_servers": [],
            "flow_timeout_in_minutes": 0,
            "guid": "7cfb0b07-acbe-4797-8532-5de68cde57a7",
            "id": "/subscriptions/ede38e9b-ef4a-4e50-bc59-c751bdf58965/resourceGroups/azure-resource_group/providers/Microsoft.Network/virtualNetworks/azure-vnet",
            "location": "westeurope",
            "name": "azure-vnet",
            "resource_group_name": "azure-resource_group",
            "subnet": [
              {
                "address_prefix": "10.0.0.0/24",
                "id": "/subscriptions/ede38e9b-ef4a-4e50-bc59-c751bdf58965/resourceGroups/azure-resource_group/providers/Microsoft.Network/virtualNetworks/azure-vnet/subnets/azure-sub",
                "name": "azure-sub",
                "security_group": "/subscriptions/ede38e9b-ef4a-4e50-bc59-c751bdf58965/resourceGroups/azure-resource_group/providers/Microsoft.Network/networkSecurityGroups/azure-nsg"
              }
            ],
            "tags": {},
            "timeouts": null,
            "vm_protection_enabled": false
          },
          "sensitive_attributes": [],
          "private": "eyJlMmJmYjczMC1lY2FhLTExZTYtOGY4OC0zNDM2M2JjN2M0YzAiOnsiY3JlYXRlIjoxODAwMDAwMDAwMDAwLCJkZWxldGUiOjE4MDAwMDAwMDAwMDAsInJlYWQiOjMwMDAwMDAwMDAwMCwidXBkYXRlIjoxODAwMDAwMDAwMDAwfX0=",
          "dependencies": [
            "azurerm_resource_group.res-1"
          ]
        }
      ]
    }
  ]
}
